
Microsoft Visual Studio Solution File, Format Version 12.00
# Visual Studio 2017
Project("{FAE04EC0-301F-11D3-BF4B-00C04F79EFBC}") = "Alien Miners Unity", "Alien Miners Unity.csproj", "{CDAE4A57-980A-A3EA-9FB9-1E0A1ED83E49}"
EndProject
Project("{FAE04EC0-301F-11D3-BF4B-00C04F79EFBC}") = "Alien Miners Unity.Editor", "Alien Miners Unity.Editor.csproj", "{373BBD23-1A7B-8A53-6F01-6B8FD765610B}"
EndProject
Global
	GlobalSection(SolutionConfigurationPlatforms) = preSolution
		Debug|Any CPU = Debug|Any CPU
		Release|Any CPU = Release|Any CPU
	EndGlobalSection
	GlobalSection(ProjectConfigurationPlatforms) = postSolution
		{CDAE4A57-980A-A3EA-9FB9-1E0A1ED83E49}.Debug|Any CPU.ActiveCfg = Debug|Any CPU
		{CDAE4A57-980A-A3EA-9FB9-1E0A1ED83E49}.Debug|Any CPU.Build.0 = Debug|Any CPU
		{CDAE4A57-980A-A3EA-9FB9-1E0A1ED83E49}.Release|Any CPU.ActiveCfg = Release|Any CPU
		{CDAE4A57-980A-A3EA-9FB9-1E0A1ED83E49}.Release|Any CPU.Build.0 = Release|Any CPU
		{373BBD23-1A7B-8A53-6F01-6B8FD765610B}.Debug|Any CPU.ActiveCfg = Debug|Any CPU
		{373BBD23-1A7B-8A53-6F01-6B8FD765610B}.Debug|Any CPU.Build.0 = Debug|Any CPU
		{373BBD23-1A7B-8A53-6F01-6B8FD765610B}.Release|Any CPU.ActiveCfg = Release|Any CPU
		{373BBD23-1A7B-8A53-6F01-6B8FD765610B}.Release|Any CPU.Build.0 = Release|Any CPU
	EndGlobalSection
	GlobalSection(SolutionProperties) = preSolution
		HideSolutionNode = FALSE
	EndGlobalSection
EndGlobal
