
Microsoft Visual Studio Solution File, Format Version 12.00
# Visual Studio 2017
Project("{FAE04EC0-301F-11D3-BF4B-00C04F79EFBC}") = "Alien Miners Unity v2.5 (Demo)", "Alien Miners Unity v2.5 (Demo).csproj", "{8F7968E1-6081-B1FB-64C1-916927172D67}"
EndProject
Project("{FAE04EC0-301F-11D3-BF4B-00C04F79EFBC}") = "Alien Miners Unity v2.5 (Demo).Editor", "Alien Miners Unity v2.5 (Demo).Editor.csproj", "{638C8EE8-03FD-642E-12E9-50E792F5CE5F}"
EndProject
Global
	GlobalSection(SolutionConfigurationPlatforms) = preSolution
		Debug|Any CPU = Debug|Any CPU
		Release|Any CPU = Release|Any CPU
	EndGlobalSection
	GlobalSection(ProjectConfigurationPlatforms) = postSolution
		{8F7968E1-6081-B1FB-64C1-916927172D67}.Debug|Any CPU.ActiveCfg = Debug|Any CPU
		{8F7968E1-6081-B1FB-64C1-916927172D67}.Debug|Any CPU.Build.0 = Debug|Any CPU
		{8F7968E1-6081-B1FB-64C1-916927172D67}.Release|Any CPU.ActiveCfg = Release|Any CPU
		{8F7968E1-6081-B1FB-64C1-916927172D67}.Release|Any CPU.Build.0 = Release|Any CPU
		{638C8EE8-03FD-642E-12E9-50E792F5CE5F}.Debug|Any CPU.ActiveCfg = Debug|Any CPU
		{638C8EE8-03FD-642E-12E9-50E792F5CE5F}.Debug|Any CPU.Build.0 = Debug|Any CPU
		{638C8EE8-03FD-642E-12E9-50E792F5CE5F}.Release|Any CPU.ActiveCfg = Release|Any CPU
		{638C8EE8-03FD-642E-12E9-50E792F5CE5F}.Release|Any CPU.Build.0 = Release|Any CPU
	EndGlobalSection
	GlobalSection(SolutionProperties) = preSolution
		HideSolutionNode = FALSE
	EndGlobalSection
EndGlobal
